
Microsoft Visual Studio Solution File, Format Version 12.00
# Visual Studio Version 17
VisualStudioVersion = 17.10.35027.167
MinimumVisualStudioVersion = 10.0.40219.1
Project("{FAE04EC0-301F-11D3-BF4B-00C04F79EFBC}") = "WebPatch.02", "WebPatch.02\WebPatch.02.csproj", "{279955B5-6941-4FD7-8C87-395909C2BBAA}"
EndProject
Global
	GlobalSection(SolutionConfigurationPlatforms) = preSolution
		Debug|Any CPU = Debug|Any CPU
		Release|Any CPU = Release|Any CPU
	EndGlobalSection
	GlobalSection(ProjectConfigurationPlatforms) = postSolution
		{279955B5-6941-4FD7-8C87-395909C2BBAA}.Debug|Any CPU.ActiveCfg = Debug|Any CPU
		{279955B5-6941-4FD7-8C87-395909C2BBAA}.Debug|Any CPU.Build.0 = Debug|Any CPU
		{279955B5-6941-4FD7-8C87-395909C2BBAA}.Release|Any CPU.ActiveCfg = Release|Any CPU
		{279955B5-6941-4FD7-8C87-395909C2BBAA}.Release|Any CPU.Build.0 = Release|Any CPU
	EndGlobalSection
	GlobalSection(SolutionProperties) = preSolution
		HideSolutionNode = FALSE
	EndGlobalSection
	GlobalSection(ExtensibilityGlobals) = postSolution
		SolutionGuid = {5F26444D-17C6-4694-B2B8-AF81A69BAC20}
	EndGlobalSection
EndGlobal
